
Microsoft Visual Studio Solution File, Format Version 12.00
# Visual Studio Version 16
VisualStudioVersion = 16.0.29709.97
MinimumVisualStudioVersion = 10.0.40219.1
Project("{FAE04EC0-301F-11D3-BF4B-00C04F79EFBC}") = "WebFormsDemo", "WebFormsDemo\WebFormsDemo.csproj", "{063401B9-6B27-4B62-9014-26ECD6E74815}"
EndProject
Global
	GlobalSection(SolutionConfigurationPlatforms) = preSolution
		Debug|Any CPU = Debug|Any CPU
		Release|Any CPU = Release|Any CPU
	EndGlobalSection
	GlobalSection(ProjectConfigurationPlatforms) = postSolution
		{063401B9-6B27-4B62-9014-26ECD6E74815}.Debug|Any CPU.ActiveCfg = Debug|Any CPU
		{063401B9-6B27-4B62-9014-26ECD6E74815}.Debug|Any CPU.Build.0 = Debug|Any CPU
		{063401B9-6B27-4B62-9014-26ECD6E74815}.Release|Any CPU.ActiveCfg = Release|Any CPU
		{063401B9-6B27-4B62-9014-26ECD6E74815}.Release|Any CPU.Build.0 = Release|Any CPU
	EndGlobalSection
	GlobalSection(SolutionProperties) = preSolution
		HideSolutionNode = FALSE
	EndGlobalSection
	GlobalSection(ExtensibilityGlobals) = postSolution
		SolutionGuid = {7299C657-F1F0-4502-A4FA-C0EAA1EF2A9E}
	EndGlobalSection
EndGlobal
